
Microsoft Visual Studio Solution File, Format Version 12.00
Project("{FAE04EC0-301F-11D3-BF4B-00C04F79EFBC}") = "ExampleApiWithEntity", "ExampleApiWithEntity\ExampleApiWithEntity.csproj", "{D419194D-BAC5-4F88-A8AB-5F2B5E48E305}"
EndProject
Global
	GlobalSection(SolutionConfigurationPlatforms) = preSolution
		Debug|Any CPU = Debug|Any CPU
		Release|Any CPU = Release|Any CPU
	EndGlobalSection
	GlobalSection(ProjectConfigurationPlatforms) = postSolution
		{D419194D-BAC5-4F88-A8AB-5F2B5E48E305}.Debug|Any CPU.ActiveCfg = Debug|Any CPU
		{D419194D-BAC5-4F88-A8AB-5F2B5E48E305}.Debug|Any CPU.Build.0 = Debug|Any CPU
		{D419194D-BAC5-4F88-A8AB-5F2B5E48E305}.Release|Any CPU.ActiveCfg = Release|Any CPU
		{D419194D-BAC5-4F88-A8AB-5F2B5E48E305}.Release|Any CPU.Build.0 = Release|Any CPU
	EndGlobalSection
EndGlobal
